
Microsoft Visual Studio Solution File, Format Version 12.00
# Visual Studio Version 17
VisualStudioVersion = 17.4.33213.308
MinimumVisualStudioVersion = 10.0.40219.1
Project("{FAE04EC0-301F-11D3-BF4B-00C04F79EFBC}") = "Projeto_1_Forms", "Projeto_1_Forms.csproj", "{77DDCD9F-4908-4A90-90A6-C7E07B191CC1}"
EndProject
Global
	GlobalSection(SolutionConfigurationPlatforms) = preSolution
		Debug|Any CPU = Debug|Any CPU
		Release|Any CPU = Release|Any CPU
	EndGlobalSection
	GlobalSection(ProjectConfigurationPlatforms) = postSolution
		{77DDCD9F-4908-4A90-90A6-C7E07B191CC1}.Debug|Any CPU.ActiveCfg = Debug|Any CPU
		{77DDCD9F-4908-4A90-90A6-C7E07B191CC1}.Debug|Any CPU.Build.0 = Debug|Any CPU
		{77DDCD9F-4908-4A90-90A6-C7E07B191CC1}.Release|Any CPU.ActiveCfg = Release|Any CPU
		{77DDCD9F-4908-4A90-90A6-C7E07B191CC1}.Release|Any CPU.Build.0 = Release|Any CPU
	EndGlobalSection
	GlobalSection(SolutionProperties) = preSolution
		HideSolutionNode = FALSE
	EndGlobalSection
	GlobalSection(ExtensibilityGlobals) = postSolution
		SolutionGuid = {B8865348-E54B-457B-9227-E596A8F4E656}
	EndGlobalSection
EndGlobal
