
Microsoft Visual Studio Solution File, Format Version 12.00
# Visual Studio Version 17
VisualStudioVersion = 17.4.33213.308
MinimumVisualStudioVersion = 10.0.40219.1
Project("{FAE04EC0-301F-11D3-BF4B-00C04F79EFBC}") = "Projeto_5", "Projeto_5.csproj", "{62FCD0D8-4981-4A5C-A153-0862DFFE6354}"
EndProject
Global
	GlobalSection(SolutionConfigurationPlatforms) = preSolution
		Debug|Any CPU = Debug|Any CPU
		Release|Any CPU = Release|Any CPU
	EndGlobalSection
	GlobalSection(ProjectConfigurationPlatforms) = postSolution
		{62FCD0D8-4981-4A5C-A153-0862DFFE6354}.Debug|Any CPU.ActiveCfg = Debug|Any CPU
		{62FCD0D8-4981-4A5C-A153-0862DFFE6354}.Debug|Any CPU.Build.0 = Debug|Any CPU
		{62FCD0D8-4981-4A5C-A153-0862DFFE6354}.Release|Any CPU.ActiveCfg = Release|Any CPU
		{62FCD0D8-4981-4A5C-A153-0862DFFE6354}.Release|Any CPU.Build.0 = Release|Any CPU
	EndGlobalSection
	GlobalSection(SolutionProperties) = preSolution
		HideSolutionNode = FALSE
	EndGlobalSection
	GlobalSection(ExtensibilityGlobals) = postSolution
		SolutionGuid = {A0365CEB-69EC-424F-9248-E44934CE64C6}
	EndGlobalSection
EndGlobal
