
Microsoft Visual Studio Solution File, Format Version 12.00
# Visual Studio Version 17
VisualStudioVersion = 17.4.33213.308
MinimumVisualStudioVersion = 10.0.40219.1
Project("{FAE04EC0-301F-11D3-BF4B-00C04F79EFBC}") = "Projeto_3", "Projeto_3.csproj", "{6C925A4F-4467-4B45-9ACC-54F924F46173}"
EndProject
Global
	GlobalSection(SolutionConfigurationPlatforms) = preSolution
		Debug|Any CPU = Debug|Any CPU
		Release|Any CPU = Release|Any CPU
	EndGlobalSection
	GlobalSection(ProjectConfigurationPlatforms) = postSolution
		{6C925A4F-4467-4B45-9ACC-54F924F46173}.Debug|Any CPU.ActiveCfg = Debug|Any CPU
		{6C925A4F-4467-4B45-9ACC-54F924F46173}.Debug|Any CPU.Build.0 = Debug|Any CPU
		{6C925A4F-4467-4B45-9ACC-54F924F46173}.Release|Any CPU.ActiveCfg = Release|Any CPU
		{6C925A4F-4467-4B45-9ACC-54F924F46173}.Release|Any CPU.Build.0 = Release|Any CPU
	EndGlobalSection
	GlobalSection(SolutionProperties) = preSolution
		HideSolutionNode = FALSE
	EndGlobalSection
	GlobalSection(ExtensibilityGlobals) = postSolution
		SolutionGuid = {89340DFA-7183-4FFB-BE1D-F819A1D71F38}
	EndGlobalSection
EndGlobal
