
Microsoft Visual Studio Solution File, Format Version 12.00
# Visual Studio Version 17
VisualStudioVersion = 17.4.33213.308
MinimumVisualStudioVersion = 10.0.40219.1
Project("{FAE04EC0-301F-11D3-BF4B-00C04F79EFBC}") = "Projeto_1", "Projeto_1.csproj", "{028E6AE2-14B5-4BED-9BEF-A275543E5EEF}"
EndProject
Global
	GlobalSection(SolutionConfigurationPlatforms) = preSolution
		Debug|Any CPU = Debug|Any CPU
		Release|Any CPU = Release|Any CPU
	EndGlobalSection
	GlobalSection(ProjectConfigurationPlatforms) = postSolution
		{028E6AE2-14B5-4BED-9BEF-A275543E5EEF}.Debug|Any CPU.ActiveCfg = Debug|Any CPU
		{028E6AE2-14B5-4BED-9BEF-A275543E5EEF}.Debug|Any CPU.Build.0 = Debug|Any CPU
		{028E6AE2-14B5-4BED-9BEF-A275543E5EEF}.Release|Any CPU.ActiveCfg = Release|Any CPU
		{028E6AE2-14B5-4BED-9BEF-A275543E5EEF}.Release|Any CPU.Build.0 = Release|Any CPU
	EndGlobalSection
	GlobalSection(SolutionProperties) = preSolution
		HideSolutionNode = FALSE
	EndGlobalSection
	GlobalSection(ExtensibilityGlobals) = postSolution
		SolutionGuid = {A66B03C2-3DFF-4BB5-B988-A28F3BC788D2}
	EndGlobalSection
EndGlobal
