
Microsoft Visual Studio Solution File, Format Version 12.00
# Visual Studio Version 17
VisualStudioVersion = 17.4.33213.308
MinimumVisualStudioVersion = 10.0.40219.1
Project("{FAE04EC0-301F-11D3-BF4B-00C04F79EFBC}") = "Projeto_4", "Projeto_4.csproj", "{BA3BBEF8-8240-46BC-81DA-7B0DDEC93F55}"
EndProject
Global
	GlobalSection(SolutionConfigurationPlatforms) = preSolution
		Debug|Any CPU = Debug|Any CPU
		Release|Any CPU = Release|Any CPU
	EndGlobalSection
	GlobalSection(ProjectConfigurationPlatforms) = postSolution
		{BA3BBEF8-8240-46BC-81DA-7B0DDEC93F55}.Debug|Any CPU.ActiveCfg = Debug|Any CPU
		{BA3BBEF8-8240-46BC-81DA-7B0DDEC93F55}.Debug|Any CPU.Build.0 = Debug|Any CPU
		{BA3BBEF8-8240-46BC-81DA-7B0DDEC93F55}.Release|Any CPU.ActiveCfg = Release|Any CPU
		{BA3BBEF8-8240-46BC-81DA-7B0DDEC93F55}.Release|Any CPU.Build.0 = Release|Any CPU
	EndGlobalSection
	GlobalSection(SolutionProperties) = preSolution
		HideSolutionNode = FALSE
	EndGlobalSection
	GlobalSection(ExtensibilityGlobals) = postSolution
		SolutionGuid = {4DC36E17-1F75-42B5-B625-6B6B53C91B3F}
	EndGlobalSection
EndGlobal
