
Microsoft Visual Studio Solution File, Format Version 12.00
# Visual Studio Version 17
VisualStudioVersion = 17.5.33516.290
MinimumVisualStudioVersion = 10.0.40219.1
Project("{FAE04EC0-301F-11D3-BF4B-00C04F79EFBC}") = "JogoVelha", "JogoVelha.csproj", "{A8DEC278-61F5-4F4C-9B87-7638A02543F7}"
EndProject
Global
	GlobalSection(SolutionConfigurationPlatforms) = preSolution
		Debug|Any CPU = Debug|Any CPU
		Release|Any CPU = Release|Any CPU
	EndGlobalSection
	GlobalSection(ProjectConfigurationPlatforms) = postSolution
		{A8DEC278-61F5-4F4C-9B87-7638A02543F7}.Debug|Any CPU.ActiveCfg = Debug|Any CPU
		{A8DEC278-61F5-4F4C-9B87-7638A02543F7}.Debug|Any CPU.Build.0 = Debug|Any CPU
		{A8DEC278-61F5-4F4C-9B87-7638A02543F7}.Release|Any CPU.ActiveCfg = Release|Any CPU
		{A8DEC278-61F5-4F4C-9B87-7638A02543F7}.Release|Any CPU.Build.0 = Release|Any CPU
	EndGlobalSection
	GlobalSection(SolutionProperties) = preSolution
		HideSolutionNode = FALSE
	EndGlobalSection
	GlobalSection(ExtensibilityGlobals) = postSolution
		SolutionGuid = {C0D30758-9E91-44E2-B6BD-9730CD1F6372}
	EndGlobalSection
EndGlobal
